
Microsoft Visual Studio Solution File, Format Version 12.00
# Visual Studio Version 17
VisualStudioVersion = 17.7.34031.279
MinimumVisualStudioVersion = 10.0.40219.1
Project("{FAE04EC0-301F-11D3-BF4B-00C04F79EFBC}") = "Vehicle", "Lb6\Vehicle.csproj", "{740488D8-207F-4A21-ABA2-63AA4B7D957E}"
EndProject
Project("{FAE04EC0-301F-11D3-BF4B-00C04F79EFBC}") = "Quaternion", "ConsoleApp1\Quaternion.csproj", "{BBA2E58F-A2A1-4567-BAC9-81690F5E53C9}"
EndProject
Project("{FAE04EC0-301F-11D3-BF4B-00C04F79EFBC}") = "GraphicPrimitive", "ConsoleApp2\GraphicPrimitive.csproj", "{0ABC2527-0018-475C-AE95-1AA99A7A2D8F}"
EndProject
Project("{FAE04EC0-301F-11D3-BF4B-00C04F79EFBC}") = "MathOperations", "ConsoleApp3\MathOperations.csproj", "{0B92EA9C-FDA0-41DB-AE54-F69054FE1E42}"
EndProject
Global
	GlobalSection(SolutionConfigurationPlatforms) = preSolution
		Debug|Any CPU = Debug|Any CPU
		Release|Any CPU = Release|Any CPU
	EndGlobalSection
	GlobalSection(ProjectConfigurationPlatforms) = postSolution
		{740488D8-207F-4A21-ABA2-63AA4B7D957E}.Debug|Any CPU.ActiveCfg = Debug|Any CPU
		{740488D8-207F-4A21-ABA2-63AA4B7D957E}.Debug|Any CPU.Build.0 = Debug|Any CPU
		{740488D8-207F-4A21-ABA2-63AA4B7D957E}.Release|Any CPU.ActiveCfg = Release|Any CPU
		{740488D8-207F-4A21-ABA2-63AA4B7D957E}.Release|Any CPU.Build.0 = Release|Any CPU
		{BBA2E58F-A2A1-4567-BAC9-81690F5E53C9}.Debug|Any CPU.ActiveCfg = Debug|Any CPU
		{BBA2E58F-A2A1-4567-BAC9-81690F5E53C9}.Debug|Any CPU.Build.0 = Debug|Any CPU
		{BBA2E58F-A2A1-4567-BAC9-81690F5E53C9}.Release|Any CPU.ActiveCfg = Release|Any CPU
		{BBA2E58F-A2A1-4567-BAC9-81690F5E53C9}.Release|Any CPU.Build.0 = Release|Any CPU
		{0ABC2527-0018-475C-AE95-1AA99A7A2D8F}.Debug|Any CPU.ActiveCfg = Debug|Any CPU
		{0ABC2527-0018-475C-AE95-1AA99A7A2D8F}.Debug|Any CPU.Build.0 = Debug|Any CPU
		{0ABC2527-0018-475C-AE95-1AA99A7A2D8F}.Release|Any CPU.ActiveCfg = Release|Any CPU
		{0ABC2527-0018-475C-AE95-1AA99A7A2D8F}.Release|Any CPU.Build.0 = Release|Any CPU
		{0B92EA9C-FDA0-41DB-AE54-F69054FE1E42}.Debug|Any CPU.ActiveCfg = Debug|Any CPU
		{0B92EA9C-FDA0-41DB-AE54-F69054FE1E42}.Debug|Any CPU.Build.0 = Debug|Any CPU
		{0B92EA9C-FDA0-41DB-AE54-F69054FE1E42}.Release|Any CPU.ActiveCfg = Release|Any CPU
		{0B92EA9C-FDA0-41DB-AE54-F69054FE1E42}.Release|Any CPU.Build.0 = Release|Any CPU
	EndGlobalSection
	GlobalSection(SolutionProperties) = preSolution
		HideSolutionNode = FALSE
	EndGlobalSection
	GlobalSection(ExtensibilityGlobals) = postSolution
		SolutionGuid = {7657934D-1402-4B96-9278-573B9CF305A9}
	EndGlobalSection
EndGlobal
